{
  "nodes": {
    "community-modules": {
      "locked": {
        "lastModified": 1786089679,
        "narHash": "sha256-3Tg+d2GUyCn6GFFIaKpo0KPFQ+N+uWtNSoj8b7peIkY=",
        "owner": "finix-community",
        "repo": "community-modules",
        "rev": "719706531cc2086dd5710c6a23bad8163a553b03",
        "type": "github"
      },
      "original": {
        "owner": "finix-community",
        "repo": "community-modules",
        "type": "github"
      }
    },
    "finix": {
      "locked": {
        "lastModified": 1786207804,
        "narHash": "sha256-atiEdr1Kxu/l90WbOU/Jh1Ov22UqBMShZ3EzWNKIyJ4=",
        "owner": "finix-community",
        "repo": "finix",
        "rev": "ca52b0d781d345d848b3b2b32ffa3460ae959991",
        "type": "github"
      },
      "original": {
        "owner": "finix-community",
        "repo": "finix",
        "type": "github"
      }
    },
    "nixpkgs": {
      "locked": {
        "lastModified": 1786247143,
        "narHash": "sha256-8S3Kcxs7D4UtxJxSJZz0m14CGhuW0MxfrIwJxeGWGnQ=",
        "owner": "nixos",
        "repo": "nixpkgs",
        "rev": "279b4a8275f032c566576b3f181fa0f27197f588",
        "type": "github"
      },
      "original": {
        "owner": "nixos",
        "ref": "nixos-unstable",
        "repo": "nixpkgs",
        "type": "github"
      }
    },
    "root": {
      "inputs": {
        "community-modules": "community-modules",
        "finix": "finix",
        "nixpkgs": "nixpkgs"
      }
    }
  },
  "root": "root",
  "version": 7
}
