{
  "nodes": {
    "community-modules": {
      "locked": {
        "lastModified": 1788308969,
        "narHash": "sha256-oLiE1NEKsu83a/eV5JM3CoIkGy9kVEKkQ9Z/QlgLjC0=",
        "owner": "finix-community",
        "repo": "community-modules",
        "rev": "87e22f81c1cb800be7a07705b69af18f28b7ede6",
        "type": "github"
      },
      "original": {
        "owner": "finix-community",
        "repo": "community-modules",
        "type": "github"
      }
    },
    "finix": {
      "locked": {
        "lastModified": 1788307610,
        "narHash": "sha256-elST3Abv9ePQlkGQfzdDEs+5Tu/Bw4nk50z8MpPZkuM=",
        "owner": "finix-community",
        "repo": "finix",
        "rev": "9c5be65fb633085244922075df3eae16b053dbd7",
        "type": "github"
      },
      "original": {
        "owner": "finix-community",
        "repo": "finix",
        "type": "github"
      }
    },
    "nixpkgs": {
      "locked": {
        "lastModified": 1788179007,
        "narHash": "sha256-hn1oU2rue2SYK8dAr8+WNZWtbsz1S2W5mnHlSEuh3bo=",
        "owner": "nixos",
        "repo": "nixpkgs",
        "rev": "34ab99075ac4f7e40cf037eef32cb1c360bb85e9",
        "type": "github"
      },
      "original": {
        "owner": "nixos",
        "ref": "nixos-unstable",
        "repo": "nixpkgs",
        "type": "github"
      }
    },
    "root": {
      "inputs": {
        "community-modules": "community-modules",
        "finix": "finix",
        "nixpkgs": "nixpkgs"
      }
    }
  },
  "root": "root",
  "version": 7
}
