{
  "nodes": {
    "community-modules": {
      "locked": {
        "lastModified": 1784125385,
        "narHash": "sha256-McTnmfCE/IkPZDLWewezlg4w7k5fEK5caq2clxLs6+c=",
        "owner": "finix-community",
        "repo": "community-modules",
        "rev": "9dfe8ae9df007c441abbe3184e531e70dffa05b0",
        "type": "github"
      },
      "original": {
        "owner": "finix-community",
        "repo": "community-modules",
        "type": "github"
      }
    },
    "finix": {
      "locked": {
        "lastModified": 1784070678,
        "narHash": "sha256-5KP4iyxGvHX78uMuBQ4jRnimMAm12KrLu8Djs5hPl44=",
        "owner": "finix-community",
        "repo": "finix",
        "rev": "6adaaf78ca90865c6c3b8838b5e29f9d771d83b8",
        "type": "github"
      },
      "original": {
        "owner": "finix-community",
        "repo": "finix",
        "type": "github"
      }
    },
    "nixpkgs": {
      "locked": {
        "lastModified": 1783776676,
        "narHash": "sha256-It5LvhG9yrm6Aj6Kg6hDkJFH1VxtF/CKGi9zcEFvOv4=",
        "owner": "nixos",
        "repo": "nixpkgs",
        "rev": "ddd7720cc351111b47fa618dd1e7afebf0c8e661",
        "type": "github"
      },
      "original": {
        "owner": "nixos",
        "repo": "nixpkgs",
        "rev": "ddd7720cc351111b47fa618dd1e7afebf0c8e661",
        "type": "github"
      }
    },
    "root": {
      "inputs": {
        "community-modules": "community-modules",
        "finix": "finix",
        "nixpkgs": "nixpkgs"
      }
    }
  },
  "root": "root",
  "version": 7
}
